// !$*UTF8*$!
{
	archiveVersion = 1;
	classes = {
	};
	objectVersion = 56;
	objects = {

/* Begin PBXBuildFile section */
		B8D3D3CA29916E300083AD9B /* AppDelegate.swift in Sources */ = {isa = PBXBuildFile; fileRef = B8D3D3C929916E300083AD9B /* AppDelegate.swift */; };
		B8D3D3CC29916E300083AD9B /* SceneDelegate.swift in Sources */ = {isa = PBXBuildFile; fileRef = B8D3D3CB29916E300083AD9B /* SceneDelegate.swift */; };
		B8D3D3CE29916E300083AD9B /* ViewController.swift in Sources */ = {isa = PBXBuildFile; fileRef = B8D3D3CD29916E300083AD9B /* ViewController.swift */; };
		B8D3D3D129916E300083AD9B /* Main.storyboard in Resources */ = {isa = PBXBuildFile; fileRef = B8D3D3CF29916E300083AD9B /* Main.storyboard */; };
		B8D3D3D329916E320083AD9B /* Assets.xcassets in Resources */ = {isa = PBXBuildFile; fileRef = B8D3D3D229916E320083AD9B /* Assets.xcassets */; };
		B8D3D3D629916E320083AD9B /* LaunchScreen.storyboard in Resources */ = {isa = PBXBuildFile; fileRef = B8D3D3D429916E320083AD9B /* LaunchScreen.storyboard */; };
		B8D3D3E129916E320083AD9B /* NotesTests.swift in Sources */ = {isa = PBXBuildFile; fileRef = B8D3D3E029916E320083AD9B /* NotesTests.swift */; };
		B8D3D3EB29916E320083AD9B /* NotesUITests.swift in Sources */ = {isa = PBXBuildFile; fileRef = B8D3D3EA29916E320083AD9B /* NotesUITests.swift */; };
		B8D3D3ED29916E320083AD9B /* NotesUITestsLaunchTests.swift in Sources */ = {isa = PBXBuildFile; fileRef = B8D3D3EC29916E320083AD9B /* NotesUITestsLaunchTests.swift */; };
		B8D3D3FA29916EA80083AD9B /* NoteViewController.swift in Sources */ = {isa = PBXBuildFile; fileRef = B8D3D3F929916EA80083AD9B /* NoteViewController.swift */; };
		B8D3D3FC29916EBB0083AD9B /* EntryViewController.swift in Sources */ = {isa = PBXBuildFile; fileRef = B8D3D3FB29916EBB0083AD9B /* EntryViewController.swift */; };
/* End PBXBuildFile section */

/* Begin PBXContainerItemProxy section */
		B8D3D3DD29916E320083AD9B /* PBXContainerItemProxy */ = {
			isa = PBXContainerItemProxy;
			containerPortal = B8D3D3BE29916E300083AD9B /* Project object */;
			proxyType = 1;
			remoteGlobalIDString = B8D3D3C529916E300083AD9B;
			remoteInfo = Notes;
		};
		B8D3D3E729916E320083AD9B /* PBXContainerItemProxy */ = {
			isa = PBXContainerItemProxy;
			containerPortal = B8D3D3BE29916E300083AD9B /* Project object */;
			proxyType = 1;
			remoteGlobalIDString = B8D3D3C529916E300083AD9B;
			remoteInfo = Notes;
		};
/* End PBXContainerItemProxy section */

/* Begin PBXFileReference section */
		B8D3D3C629916E300083AD9B /* Notes.app */ = {isa = PBXFileReference; explicitFileType = wrapper.application; includeInIndex = 0; path = Notes.app; sourceTree = BUILT_PRODUCTS_DIR; };
		B8D3D3C929916E300083AD9B /* AppDelegate.swift */ = {isa = PBXFileReference; lastKnownFileType = sourcecode.swift; path = AppDelegate.swift; sourceTree = "<group>"; };
		B8D3D3CB29916E300083AD9B /* SceneDelegate.swift */ = {isa = PBXFileReference; lastKnownFileType = sourcecode.swift; path = SceneDelegate.swift; sourceTree = "<group>"; };
		B8D3D3CD29916E300083AD9B /* ViewController.swift */ = {isa = PBXFileReference; lastKnownFileType = sourcecode.swift; path = ViewController.swift; sourceTree = "<group>"; };
		B8D3D3D029916E300083AD9B /* Base */ = {isa = PBXFileReference; lastKnownFileType = file.storyboard; name = Base; path = Base.lproj/Main.storyboard; sourceTree = "<group>"; };
		B8D3D3D229916E320083AD9B /* Assets.xcassets */ = {isa = PBXFileReference; lastKnownFileType = folder.assetcatalog; path = Assets.xcassets; sourceTree = "<group>"; };
		B8D3D3D529916E320083AD9B /* Base */ = {isa = PBXFileReference; lastKnownFileType = file.storyboard; name = Base; path = Base.lproj/LaunchScreen.storyboard; sourceTree = "<group>"; };
		B8D3D3D729916E320083AD9B /* Info.plist */ = {isa = PBXFileReference; lastKnownFileType = text.plist.xml; path = Info.plist; sourceTree = "<group>"; };
		B8D3D3DC29916E320083AD9B /* NotesTests.xctest */ = {isa = PBXFileReference; explicitFileType = wrapper.cfbundle; includeInIndex = 0; path = NotesTests.xctest; sourceTree = BUILT_PRODUCTS_DIR; };
		B8D3D3E029916E320083AD9B /* NotesTests.swift */ = {isa = PBXFileReference; lastKnownFileType = sourcecode.swift; path = NotesTests.swift; sourceTree = "<group>"; };
		B8D3D3E629916E320083AD9B /* NotesUITests.xctest */ = {isa = PBXFileReference; explicitFileType = wrapper.cfbundle; includeInIndex = 0; path = NotesUITests.xctest; sourceTree = BUILT_PRODUCTS_DIR; };
		B8D3D3EA29916E320083AD9B /* NotesUITests.swift */ = {isa = PBXFileReference; lastKnownFileType = sourcecode.swift; path = NotesUITests.swift; sourceTree = "<group>"; };
		B8D3D3EC29916E320083AD9B /* NotesUITestsLaunchTests.swift */ = {isa = PBXFileReference; lastKnownFileType = sourcecode.swift; path = NotesUITestsLaunchTests.swift; sourceTree = "<group>"; };
		B8D3D3F929916EA80083AD9B /* NoteViewController.swift */ = {isa = PBXFileReference; lastKnownFileType = sourcecode.swift; path = NoteViewController.swift; sourceTree = "<group>"; };
		B8D3D3FB29916EBB0083AD9B /* EntryViewController.swift */ = {isa = PBXFileReference; lastKnownFileType = sourcecode.swift; path = EntryViewController.swift; sourceTree = "<group>"; };
/* End PBXFileReference section */

/* Begin PBXFrameworksBuildPhase section */
		B8D3D3C329916E300083AD9B /* Frameworks */ = {
			isa = PBXFrameworksBuildPhase;
			buildActionMask = 2147483647;
			files = (
			);
			runOnlyForDeploymentPostprocessing = 0;
		};
		B8D3D3D929916E320083AD9B /* Frameworks */ = {
			isa = PBXFrameworksBuildPhase;
			buildActionMask = 2147483647;
			files = (
			);
			runOnlyForDeploymentPostprocessing = 0;
		};
		B8D3D3E329916E320083AD9B /* Frameworks */ = {
			isa = PBXFrameworksBuildPhase;
			buildActionMask = 2147483647;
			files = (
			);
			runOnlyForDeploymentPostprocessing = 0;
		};
/* End PBXFrameworksBuildPhase section */

/* Begin PBXGroup section */
		B8D3D3BD29916E300083AD9B = {
			isa = PBXGroup;
			children = (
				B8D3D3C829916E300083AD9B /* Notes */,
				B8D3D3DF29916E320083AD9B /* NotesTests */,
				B8D3D3E929916E320083AD9B /* NotesUITests */,
				B8D3D3C729916E300083AD9B /* Products */,
			);
			sourceTree = "<group>";
		};
		B8D3D3C729916E300083AD9B /* Products */ = {
			isa = PBXGroup;
			children = (
				B8D3D3C629916E300083AD9B /* Notes.app */,
				B8D3D3DC29916E320083AD9B /* NotesTests.xctest */,
				B8D3D3E629916E320083AD9B /* NotesUITests.xctest */,
			);
			name = Products;
			sourceTree = "<group>";
		};
		B8D3D3C829916E300083AD9B /* Notes */ = {
			isa = PBXGroup;
			children = (
				B8D3D3C929916E300083AD9B /* AppDelegate.swift */,
				B8D3D3CB29916E300083AD9B /* SceneDelegate.swift */,
				B8D3D3CD29916E300083AD9B /* ViewController.swift */,
				B8D3D3CF29916E300083AD9B /* Main.storyboard */,
				B8D3D3D229916E320083AD9B /* Assets.xcassets */,
				B8D3D3D429916E320083AD9B /* LaunchScreen.storyboard */,
				B8D3D3D729916E320083AD9B /* Info.plist */,
				B8D3D3F929916EA80083AD9B /* NoteViewController.swift */,
				B8D3D3FB29916EBB0083AD9B /* EntryViewController.swift */,
			);
			path = Notes;
			sourceTree = "<group>";
		};
		B8D3D3DF29916E320083AD9B /* NotesTests */ = {
			isa = PBXGroup;
			children = (
				B8D3D3E029916E320083AD9B /* NotesTests.swift */,
			);
			path = NotesTests;
			sourceTree = "<group>";
		};
		B8D3D3E929916E320083AD9B /* NotesUITests */ = {
			isa = PBXGroup;
			children = (
				B8D3D3EA29916E320083AD9B /* NotesUITests.swift */,
				B8D3D3EC29916E320083AD9B /* NotesUITestsLaunchTests.swift */,
			);
			path = NotesUITests;
			sourceTree = "<group>";
		};
/* End PBXGroup section */

/* Begin PBXNativeTarget section */
		B8D3D3C529916E300083AD9B /* Notes */ = {
			isa = PBXNativeTarget;
			buildConfigurationList = B8D3D3F029916E320083AD9B /* Build configuration list for PBXNativeTarget "Notes" */;
			buildPhases = (
				B8D3D3C229916E300083AD9B /* Sources */,
				B8D3D3C329916E300083AD9B /* Frameworks */,
				B8D3D3C429916E300083AD9B /* Resources */,
			);
			buildRules = (
			);
			dependencies = (
			);
			name = Notes;
			productName = Notes;
			productReference = B8D3D3C629916E300083AD9B /* Notes.app */;
			productType = "com.apple.product-type.application";
		};
		B8D3D3DB29916E320083AD9B /* NotesTests */ = {
			isa = PBXNativeTarget;
			buildConfigurationList = B8D3D3F329916E320083AD9B /* Build configuration list for PBXNativeTarget "NotesTests" */;
			buildPhases = (
				B8D3D3D829916E320083AD9B /* Sources */,
				B8D3D3D929916E320083AD9B /* Frameworks */,
				B8D3D3DA29916E320083AD9B /* Resources */,
			);
			buildRules = (
			);
			dependencies = (
				B8D3D3DE29916E320083AD9B /* PBXTargetDependency */,
			);
			name = NotesTests;
			productName = NotesTests;
			productReference = B8D3D3DC29916E320083AD9B /* NotesTests.xctest */;
			productType = "com.apple.product-type.bundle.unit-test";
		};
		B8D3D3E529916E320083AD9B /* NotesUITests */ = {
			isa = PBXNativeTarget;
			buildConfigurationList = B8D3D3F629916E320083AD9B /* Build configuration list for PBXNativeTarget "NotesUITests" */;
			buildPhases = (
				B8D3D3E229916E320083AD9B /* Sources */,
				B8D3D3E329916E320083AD9B /* Frameworks */,
				B8D3D3E429916E320083AD9B /* Resources */,
			);
			buildRules = (
			);
			dependencies = (
				B8D3D3E829916E320083AD9B /* PBXTargetDependency */,
			);
			name = NotesUITests;
			productName = NotesUITests;
			productReference = B8D3D3E629916E320083AD9B /* NotesUITests.xctest */;
			productType = "com.apple.product-type.bundle.ui-testing";
		};
/* End PBXNativeTarget section */

/* Begin PBXProject section */
		B8D3D3BE29916E300083AD9B /* Project object */ = {
			isa = PBXProject;
			attributes = {
				BuildIndependentTargetsInParallel = 1;
				LastSwiftUpdateCheck = 1420;
				LastUpgradeCheck = 1420;
				TargetAttributes = {
					B8D3D3C529916E300083AD9B = {
						CreatedOnToolsVersion = 14.2;
					};
					B8D3D3DB29916E320083AD9B = {
						CreatedOnToolsVersion = 14.2;
						TestTargetID = B8D3D3C529916E300083AD9B;
					};
					B8D3D3E529916E320083AD9B = {
						CreatedOnToolsVersion = 14.2;
						TestTargetID = B8D3D3C529916E300083AD9B;
					};
				};
			};
			buildConfigurationList = B8D3D3C129916E300083AD9B /* Build configuration list for PBXProject "Notes" */;
			compatibilityVersion = "Xcode 14.0";
			developmentRegion = en;
			hasScannedForEncodings = 0;
			knownRegions = (
				en,
				Base,
			);
			mainGroup = B8D3D3BD29916E300083AD9B;
			productRefGroup = B8D3D3C729916E300083AD9B /* Products */;
			projectDirPath = "";
			projectRoot = "";
			targets = (
				B8D3D3C529916E300083AD9B /* Notes */,
				B8D3D3DB29916E320083AD9B /* NotesTests */,
				B8D3D3E529916E320083AD9B /* NotesUITests */,
			);
		};
/* End PBXProject section */

/* Begin PBXResourcesBuildPhase section */
		B8D3D3C429916E300083AD9B /* Resources */ = {
			isa = PBXResourcesBuildPhase;
			buildActionMask = 2147483647;
			files = (
				B8D3D3D629916E320083AD9B /* LaunchScreen.storyboard in Resources */,
				B8D3D3D329916E320083AD9B /* Assets.xcassets in Resources */,
				B8D3D3D129916E300083AD9B /* Main.storyboard in Resources */,
			);
			runOnlyForDeploymentPostprocessing = 0;
		};
		B8D3D3DA29916E320083AD9B /* Resources */ = {
			isa = PBXResourcesBuildPhase;
			buildActionMask = 2147483647;
			files = (
			);
			runOnlyForDeploymentPostprocessing = 0;
		};
		B8D3D3E429916E320083AD9B /* Resources */ = {
			isa = PBXResourcesBuildPhase;
			buildActionMask = 2147483647;
			files = (
			);
			runOnlyForDeploymentPostprocessing = 0;
		};
/* End PBXResourcesBuildPhase section */

/* Begin PBXSourcesBuildPhase section */
		B8D3D3C229916E300083AD9B /* Sources */ = {
			isa = PBXSourcesBuildPhase;
			buildActionMask = 2147483647;
			files = (
				B8D3D3FA29916EA80083AD9B /* NoteViewController.swift in Sources */,
				B8D3D3FC29916EBB0083AD9B /* EntryViewController.swift in Sources */,
				B8D3D3CE29916E300083AD9B /* ViewController.swift in Sources */,
				B8D3D3CA29916E300083AD9B /* AppDelegate.swift in Sources */,
				B8D3D3CC29916E300083AD9B /* SceneDelegate.swift in Sources */,
			);
			runOnlyForDeploymentPostprocessing = 0;
		};
		B8D3D3D829916E320083AD9B /* Sources */ = {
			isa = PBXSourcesBuildPhase;
			buildActionMask = 2147483647;
			files = (
				B8D3D3E129916E320083AD9B /* NotesTests.swift in Sources */,
			);
			runOnlyForDeploymentPostprocessing = 0;
		};
		B8D3D3E229916E320083AD9B /* Sources */ = {
			isa = PBXSourcesBuildPhase;
			buildActionMask = 2147483647;
			files = (
				B8D3D3ED29916E320083AD9B /* NotesUITestsLaunchTests.swift in Sources */,
				B8D3D3EB29916E320083AD9B /* NotesUITests.swift in Sources */,
			);
			runOnlyForDeploymentPostprocessing = 0;
		};
/* End PBXSourcesBuildPhase section */

/* Begin PBXTargetDependency section */
		B8D3D3DE29916E320083AD9B /* PBXTargetDependency */ = {
			isa = PBXTargetDependency;
			target = B8D3D3C529916E300083AD9B /* Notes */;
			targetProxy = B8D3D3DD29916E320083AD9B /* PBXContainerItemProxy */;
		};
		B8D3D3E829916E320083AD9B /* PBXTargetDependency */ = {
			isa = PBXTargetDependency;
			target = B8D3D3C529916E300083AD9B /* Notes */;
			targetProxy = B8D3D3E729916E320083AD9B /* PBXContainerItemProxy */;
		};
/* End PBXTargetDependency section */

/* Begin PBXVariantGroup section */
		B8D3D3CF29916E300083AD9B /* Main.storyboard */ = {
			isa = PBXVariantGroup;
			children = (
				B8D3D3D029916E300083AD9B /* Base */,
			);
			name = Main.storyboard;
			sourceTree = "<group>";
		};
		B8D3D3D429916E320083AD9B /* LaunchScreen.storyboard */ = {
			isa = PBXVariantGroup;
			children = (
				B8D3D3D529916E320083AD9B /* Base */,
			);
			name = LaunchScreen.storyboard;
			sourceTree = "<group>";
		};
/* End PBXVariantGroup section */

/* Begin XCBuildConfiguration section */
		B8D3D3EE29916E320083AD9B /* Debug */ = {
			isa = XCBuildConfiguration;
			buildSettings = {
				ALWAYS_SEARCH_USER_PATHS = NO;
				CLANG_ANALYZER_NONNULL = YES;
				CLANG_ANALYZER_NUMBER_OBJECT_CONVERSION = YES_AGGRESSIVE;
				CLANG_CXX_LANGUAGE_STANDARD = "gnu++20";
				CLANG_ENABLE_MODULES = YES;
				CLANG_ENABLE_OBJC_ARC = YES;
				CLANG_ENABLE_OBJC_WEAK = YES;
				CLANG_WARN_BLOCK_CAPTURE_AUTORELEASING = YES;
				CLANG_WARN_BOOL_CONVERSION = YES;
				CLANG_WARN_COMMA = YES;
				CLANG_WARN_CONSTANT_CONVERSION = YES;
				CLANG_WARN_DEPRECATED_OBJC_IMPLEMENTATIONS = YES;
				CLANG_WARN_DIRECT_OBJC_ISA_USAGE = YES_ERROR;
				CLANG_WARN_DOCUMENTATION_COMMENTS = YES;
				CLANG_WARN_EMPTY_BODY = YES;
				CLANG_WARN_ENUM_CONVERSION = YES;
				CLANG_WARN_INFINITE_RECURSION = YES;
				CLANG_WARN_INT_CONVERSION = YES;
				CLANG_WARN_NON_LITERAL_NULL_CONVERSION = YES;
				CLANG_WARN_OBJC_IMPLICIT_RETAIN_SELF = YES;
				CLANG_WARN_OBJC_LITERAL_CONVERSION = YES;
				CLANG_WARN_OBJC_ROOT_CLASS = YES_ERROR;
				CLANG_WARN_QUOTED_INCLUDE_IN_FRAMEWORK_HEADER = YES;
				CLANG_WARN_RANGE_LOOP_ANALYSIS = YES;
				CLANG_WARN_STRICT_PROTOTYPES = YES;
				CLANG_WARN_SUSPICIOUS_MOVE = YES;
				CLANG_WARN_UNGUARDED_AVAILABILITY = YES_AGGRESSIVE;
				CLANG_WARN_UNREACHABLE_CODE = YES;
				CLANG_WARN__DUPLICATE_METHOD_MATCH = YES;
				COPY_PHASE_STRIP = NO;
				DEBUG_INFORMATION_FORMAT = dwarf;
				ENABLE_STRICT_OBJC_MSGSEND = YES;
				ENABLE_TESTABILITY = YES;
				GCC_C_LANGUAGE_STANDARD = gnu11;
				GCC_DYNAMIC_NO_PIC = NO;
				GCC_NO_COMMON_BLOCKS = YES;
				GCC_OPTIMIZATION_LEVEL = 0;
				GCC_PREPROCESSOR_DEFINITIONS = (
					"DEBUG=1",
					"$(inherited)",
				);
				GCC_WARN_64_TO_32_BIT_CONVERSION = YES;
				GCC_WARN_ABOUT_RETURN_TYPE = YES_ERROR;
				GCC_WARN_UNDECLARED_SELECTOR = YES;
				GCC_WARN_UNINITIALIZED_AUTOS = YES_AGGRESSIVE;
				GCC_WARN_UNUSED_FUNCTION = YES;
				GCC_WARN_UNUSED_VARIABLE = YES;
				IPHONEOS_DEPLOYMENT_TARGET = 16.2;
				MTL_ENABLE_DEBUG_INFO = INCLUDE_SOURCE;
				MTL_FAST_MATH = YES;
				ONLY_ACTIVE_ARCH = YES;
				SDKROOT = iphoneos;
				SWIFT_ACTIVE_COMPILATION_CONDITIONS = DEBUG;
				SWIFT_OPTIMIZATION_LEVEL = "-Onone";
			};
			name = Debug;
		};
		B8D3D3EF29916E320083AD9B /* Release */ = {
			isa = XCBuildConfiguration;
			buildSettings = {
				ALWAYS_SEARCH_USER_PATHS = NO;
				CLANG_ANALYZER_NONNULL = YES;
				CLANG_ANALYZER_NUMBER_OBJECT_CONVERSION = YES_AGGRESSIVE;
				CLANG_CXX_LANGUAGE_STANDARD = "gnu++20";
				CLANG_ENABLE_MODULES = YES;
				CLANG_ENABLE_OBJC_ARC = YES;
				CLANG_ENABLE_OBJC_WEAK = YES;
				CLANG_WARN_BLOCK_CAPTURE_AUTORELEASING = YES;
				CLANG_WARN_BOOL_CONVERSION = YES;
				CLANG_WARN_COMMA = YES;
				CLANG_WARN_CONSTANT_CONVERSION = YES;
				CLANG_WARN_DEPRECATED_OBJC_IMPLEMENTATIONS = YES;
				CLANG_WARN_DIRECT_OBJC_ISA_USAGE = YES_ERROR;
				CLANG_WARN_DOCUMENTATION_COMMENTS = YES;
				CLANG_WARN_EMPTY_BODY = YES;
				CLANG_WARN_ENUM_CONVERSION = YES;
				CLANG_WARN_INFINITE_RECURSION = YES;
				CLANG_WARN_INT_CONVERSION = YES;
				CLANG_WARN_NON_LITERAL_NULL_CONVERSION = YES;
				CLANG_WARN_OBJC_IMPLICIT_RETAIN_SELF = YES;
				CLANG_WARN_OBJC_LITERAL_CONVERSION = YES;
				CLANG_WARN_OBJC_ROOT_CLASS = YES_ERROR;
				CLANG_WARN_QUOTED_INCLUDE_IN_FRAMEWORK_HEADER = YES;
				CLANG_WARN_RANGE_LOOP_ANALYSIS = YES;
				CLANG_WARN_STRICT_PROTOTYPES = YES;
				CLANG_WARN_SUSPICIOUS_MOVE = YES;
				CLANG_WARN_UNGUARDED_AVAILABILITY = YES_AGGRESSIVE;
				CLANG_WARN_UNREACHABLE_CODE = YES;
				CLANG_WARN__DUPLICATE_METHOD_MATCH = YES;
				COPY_PHASE_STRIP = NO;
				DEBUG_INFORMATION_FORMAT = "dwarf-with-dsym";
				ENABLE_NS_ASSERTIONS = NO;
				ENABLE_STRICT_OBJC_MSGSEND = YES;
				GCC_C_LANGUAGE_STANDARD = gnu11;
				GCC_NO_COMMON_BLOCKS = YES;
				GCC_WARN_64_TO_32_BIT_CONVERSION = YES;
				GCC_WARN_ABOUT_RETURN_TYPE = YES_ERROR;
				GCC_WARN_UNDECLARED_SELECTOR = YES;
				GCC_WARN_UNINITIALIZED_AUTOS = YES_AGGRESSIVE;
				GCC_WARN_UNUSED_FUNCTION = YES;
				GCC_WARN_UNUSED_VARIABLE = YES;
				IPHONEOS_DEPLOYMENT_TARGET = 16.2;
				MTL_ENABLE_DEBUG_INFO = NO;
				MTL_FAST_MATH = YES;
				SDKROOT = iphoneos;
				SWIFT_COMPILATION_MODE = wholemodule;
				SWIFT_OPTIMIZATION_LEVEL = "-O";
				VALIDATE_PRODUCT = YES;
			};
			name = Release;
		};
		B8D3D3F129916E320083AD9B /* Debug */ = {
			isa = XCBuildConfiguration;
			buildSettings = {
				ASSETCATALOG_COMPILER_APPICON_NAME = AppIcon;
				ASSETCATALOG_COMPILER_GLOBAL_ACCENT_COLOR_NAME = AccentColor;
				CODE_SIGN_STYLE = Automatic;
				CURRENT_PROJECT_VERSION = 1;
				GENERATE_INFOPLIST_FILE = YES;
				INFOPLIST_FILE = Notes/Info.plist;
				INFOPLIST_KEY_UIApplicationSupportsIndirectInputEvents = YES;
				INFOPLIST_KEY_UILaunchStoryboardName = LaunchScreen;
				INFOPLIST_KEY_UIMainStoryboardFile = Main;
				INFOPLIST_KEY_UISupportedInterfaceOrientations_iPad = "UIInterfaceOrientationPortrait UIInterfaceOrientationPortraitUpsideDown UIInterfaceOrientationLandscapeLeft UIInterfaceOrientationLandscapeRight";
				INFOPLIST_KEY_UISupportedInterfaceOrientations_iPhone = "UIInterfaceOrientationPortrait UIInterfaceOrientationLandscapeLeft UIInterfaceOrientationLandscapeRight";
				LD_RUNPATH_SEARCH_PATHS = (
					"$(inherited)",
					"@executable_path/Frameworks",
				);
				MARKETING_VERSION = 1.0;
				PRODUCT_BUNDLE_IDENTIFIER = AEM.Notes;
				PRODUCT_NAME = "$(TARGET_NAME)";
				SWIFT_EMIT_LOC_STRINGS = YES;
				SWIFT_VERSION = 5.0;
				TARGETED_DEVICE_FAMILY = "1,2";
			};
			name = Debug;
		};
		B8D3D3F229916E320083AD9B /* Release */ = {
			isa = XCBuildConfiguration;
			buildSettings = {
				ASSETCATALOG_COMPILER_APPICON_NAME = AppIcon;
				ASSETCATALOG_COMPILER_GLOBAL_ACCENT_COLOR_NAME = AccentColor;
				CODE_SIGN_STYLE = Automatic;
				CURRENT_PROJECT_VERSION = 1;
				GENERATE_INFOPLIST_FILE = YES;
				INFOPLIST_FILE = Notes/Info.plist;
				INFOPLIST_KEY_UIApplicationSupportsIndirectInputEvents = YES;
				INFOPLIST_KEY_UILaunchStoryboardName = LaunchScreen;
				INFOPLIST_KEY_UIMainStoryboardFile = Main;
				INFOPLIST_KEY_UISupportedInterfaceOrientations_iPad = "UIInterfaceOrientationPortrait UIInterfaceOrientationPortraitUpsideDown UIInterfaceOrientationLandscapeLeft UIInterfaceOrientationLandscapeRight";
				INFOPLIST_KEY_UISupportedInterfaceOrientations_iPhone = "UIInterfaceOrientationPortrait UIInterfaceOrientationLandscapeLeft UIInterfaceOrientationLandscapeRight";
				LD_RUNPATH_SEARCH_PATHS = (
					"$(inherited)",
					"@executable_path/Frameworks",
				);
				MARKETING_VERSION = 1.0;
				PRODUCT_BUNDLE_IDENTIFIER = AEM.Notes;
				PRODUCT_NAME = "$(TARGET_NAME)";
				SWIFT_EMIT_LOC_STRINGS = YES;
				SWIFT_VERSION = 5.0;
				TARGETED_DEVICE_FAMILY = "1,2";
			};
			name = Release;
		};
		B8D3D3F429916E320083AD9B /* Debug */ = {
			isa = XCBuildConfiguration;
			buildSettings = {
				ALWAYS_EMBED_SWIFT_STANDARD_LIBRARIES = YES;
				BUNDLE_LOADER = "$(TEST_HOST)";
				CODE_SIGN_STYLE = Automatic;
				CURRENT_PROJECT_VERSION = 1;
				GENERATE_INFOPLIST_FILE = YES;
				IPHONEOS_DEPLOYMENT_TARGET = 16.2;
				MARKETING_VERSION = 1.0;
				PRODUCT_BUNDLE_IDENTIFIER = AEM.NotesTests;
				PRODUCT_NAME = "$(TARGET_NAME)";
				SWIFT_EMIT_LOC_STRINGS = NO;
				SWIFT_VERSION = 5.0;
				TARGETED_DEVICE_FAMILY = "1,2";
				TEST_HOST = "$(BUILT_PRODUCTS_DIR)/Notes.app/$(BUNDLE_EXECUTABLE_FOLDER_PATH)/Notes";
			};
			name = Debug;
		};
		B8D3D3F529916E320083AD9B /* Release */ = {
			isa = XCBuildConfiguration;
			buildSettings = {
				ALWAYS_EMBED_SWIFT_STANDARD_LIBRARIES = YES;
				BUNDLE_LOADER = "$(TEST_HOST)";
				CODE_SIGN_STYLE = Automatic;
				CURRENT_PROJECT_VERSION = 1;
				GENERATE_INFOPLIST_FILE = YES;
				IPHONEOS_DEPLOYMENT_TARGET = 16.2;
				MARKETING_VERSION = 1.0;
				PRODUCT_BUNDLE_IDENTIFIER = AEM.NotesTests;
				PRODUCT_NAME = "$(TARGET_NAME)";
				SWIFT_EMIT_LOC_STRINGS = NO;
				SWIFT_VERSION = 5.0;
				TARGETED_DEVICE_FAMILY = "1,2";
				TEST_HOST = "$(BUILT_PRODUCTS_DIR)/Notes.app/$(BUNDLE_EXECUTABLE_FOLDER_PATH)/Notes";
			};
			name = Release;
		};
		B8D3D3F729916E320083AD9B /* Debug */ = {
			isa = XCBuildConfiguration;
			buildSettings = {
				ALWAYS_EMBED_SWIFT_STANDARD_LIBRARIES = YES;
				CODE_SIGN_STYLE = Automatic;
				CURRENT_PROJECT_VERSION = 1;
				GENERATE_INFOPLIST_FILE = YES;
				MARKETING_VERSION = 1.0;
				PRODUCT_BUNDLE_IDENTIFIER = AEM.NotesUITests;
				PRODUCT_NAME = "$(TARGET_NAME)";
				SWIFT_EMIT_LOC_STRINGS = NO;
				SWIFT_VERSION = 5.0;
				TARGETED_DEVICE_FAMILY = "1,2";
				TEST_TARGET_NAME = Notes;
			};
			name = Debug;
		};
		B8D3D3F829916E320083AD9B /* Release */ = {
			isa = XCBuildConfiguration;
			buildSettings = {
				ALWAYS_EMBED_SWIFT_STANDARD_LIBRARIES = YES;
				CODE_SIGN_STYLE = Automatic;
				CURRENT_PROJECT_VERSION = 1;
				GENERATE_INFOPLIST_FILE = YES;
				MARKETING_VERSION = 1.0;
				PRODUCT_BUNDLE_IDENTIFIER = AEM.NotesUITests;
				PRODUCT_NAME = "$(TARGET_NAME)";
				SWIFT_EMIT_LOC_STRINGS = NO;
				SWIFT_VERSION = 5.0;
				TARGETED_DEVICE_FAMILY = "1,2";
				TEST_TARGET_NAME = Notes;
			};
			name = Release;
		};
/* End XCBuildConfiguration section */

/* Begin XCConfigurationList section */
		B8D3D3C129916E300083AD9B /* Build configuration list for PBXProject "Notes" */ = {
			isa = XCConfigurationList;
			buildConfigurations = (
				B8D3D3EE29916E320083AD9B /* Debug */,
				B8D3D3EF29916E320083AD9B /* Release */,
			);
			defaultConfigurationIsVisible = 0;
			defaultConfigurationName = Release;
		};
		B8D3D3F029916E320083AD9B /* Build configuration list for PBXNativeTarget "Notes" */ = {
			isa = XCConfigurationList;
			buildConfigurations = (
				B8D3D3F129916E320083AD9B /* Debug */,
				B8D3D3F229916E320083AD9B /* Release */,
			);
			defaultConfigurationIsVisible = 0;
			defaultConfigurationName = Release;
		};
		B8D3D3F329916E320083AD9B /* Build configuration list for PBXNativeTarget "NotesTests" */ = {
			isa = XCConfigurationList;
			buildConfigurations = (
				B8D3D3F429916E320083AD9B /* Debug */,
				B8D3D3F529916E320083AD9B /* Release */,
			);
			defaultConfigurationIsVisible = 0;
			defaultConfigurationName = Release;
		};
		B8D3D3F629916E320083AD9B /* Build configuration list for PBXNativeTarget "NotesUITests" */ = {
			isa = XCConfigurationList;
			buildConfigurations = (
				B8D3D3F729916E320083AD9B /* Debug */,
				B8D3D3F829916E320083AD9B /* Release */,
			);
			defaultConfigurationIsVisible = 0;
			defaultConfigurationName = Release;
		};
/* End XCConfigurationList section */
	};
	rootObject = B8D3D3BE29916E300083AD9B /* Project object */;
}
